
Microsoft Visual Studio Solution File, Format Version 12.00
# Visual Studio Version 17
VisualStudioVersion = 17.4.33213.308
MinimumVisualStudioVersion = 10.0.40219.1
Project("{FAE04EC0-301F-11D3-BF4B-00C04F79EFBC}") = "ConnectionMCC75", "ConnectionMCC75\ConnectionMCC75.csproj", "{2508591C-C9F9-4235-8319-FEB263CB9093}"
EndProject
Global
	GlobalSection(SolutionConfigurationPlatforms) = preSolution
		Debug|Any CPU = Debug|Any CPU
		Release|Any CPU = Release|Any CPU
	EndGlobalSection
	GlobalSection(ProjectConfigurationPlatforms) = postSolution
		{2508591C-C9F9-4235-8319-FEB263CB9093}.Debug|Any CPU.ActiveCfg = Debug|Any CPU
		{2508591C-C9F9-4235-8319-FEB263CB9093}.Debug|Any CPU.Build.0 = Debug|Any CPU
		{2508591C-C9F9-4235-8319-FEB263CB9093}.Release|Any CPU.ActiveCfg = Release|Any CPU
		{2508591C-C9F9-4235-8319-FEB263CB9093}.Release|Any CPU.Build.0 = Release|Any CPU
	EndGlobalSection
	GlobalSection(SolutionProperties) = preSolution
		HideSolutionNode = FALSE
	EndGlobalSection
	GlobalSection(ExtensibilityGlobals) = postSolution
		SolutionGuid = {50CBF356-7972-42A4-AB35-10E77AD5F3B0}
	EndGlobalSection
EndGlobal
